// !$*UTF8*$!
{
	archiveVersion = 1;
	classes = {
	};
	objectVersion = 48;
	objects = {

/* Begin PBXBuildFile section */
		DFAB6D1D1FDF34C300803D09 /* AppDelegate.m in Sources */ = {isa = PBXBuildFile; fileRef = DFAB6D1C1FDF34C300803D09 /* AppDelegate.m */; };
		DFAB6D201FDF34C300803D09 /* ViewController.m in Sources */ = {isa = PBXBuildFile; fileRef = DFAB6D1F1FDF34C300803D09 /* ViewController.m */; };
		DFAB6D231FDF34C300803D09 /* Main.storyboard in Resources */ = {isa = PBXBuildFile; fileRef = DFAB6D211FDF34C300803D09 /* Main.storyboard */; };
		DFAB6D251FDF34C300803D09 /* Assets.xcassets in Resources */ = {isa = PBXBuildFile; fileRef = DFAB6D241FDF34C300803D09 /* Assets.xcassets */; };
		DFAB6D281FDF34C300803D09 /* LaunchScreen.storyboard in Resources */ = {isa = PBXBuildFile; fileRef = DFAB6D261FDF34C300803D09 /* LaunchScreen.storyboard */; };
		DFAB6D2B1FDF34C300803D09 /* main.m in Sources */ = {isa = PBXBuildFile; fileRef = DFAB6D2A1FDF34C300803D09 /* main.m */; };
		DFAB6D351FDF34C400803D09 /* wwwTests.m in Sources */ = {isa = PBXBuildFile; fileRef = DFAB6D341FDF34C400803D09 /* wwwTests.m */; };
		DFAB6D401FDF34C400803D09 /* wwwUITests.m in Sources */ = {isa = PBXBuildFile; fileRef = DFAB6D3F1FDF34C400803D09 /* wwwUITests.m */; };
/* End PBXBuildFile section */

/* Begin PBXContainerItemProxy section */
		DFAB6D311FDF34C400803D09 /* PBXContainerItemProxy */ = {
			isa = PBXContainerItemProxy;
			containerPortal = DFAB6D101FDF34C300803D09 /* Project object */;
			proxyType = 1;
			remoteGlobalIDString = DFAB6D171FDF34C300803D09;
			remoteInfo = www;
		};
		DFAB6D3C1FDF34C400803D09 /* PBXContainerItemProxy */ = {
			isa = PBXContainerItemProxy;
			containerPortal = DFAB6D101FDF34C300803D09 /* Project object */;
			proxyType = 1;
			remoteGlobalIDString = DFAB6D171FDF34C300803D09;
			remoteInfo = www;
		};
/* End PBXContainerItemProxy section */

/* Begin PBXFileReference section */
		DFAB6D181FDF34C300803D09 /* www.app */ = {isa = PBXFileReference; explicitFileType = wrapper.application; includeInIndex = 0; path = www.app; sourceTree = BUILT_PRODUCTS_DIR; };
		DFAB6D1B1FDF34C300803D09 /* AppDelegate.h */ = {isa = PBXFileReference; lastKnownFileType = sourcecode.c.h; path = AppDelegate.h; sourceTree = "<group>"; };
		DFAB6D1C1FDF34C300803D09 /* AppDelegate.m */ = {isa = PBXFileReference; lastKnownFileType = sourcecode.c.objc; path = AppDelegate.m; sourceTree = "<group>"; };
		DFAB6D1E1FDF34C300803D09 /* ViewController.h */ = {isa = PBXFileReference; lastKnownFileType = sourcecode.c.h; path = ViewController.h; sourceTree = "<group>"; };
		DFAB6D1F1FDF34C300803D09 /* ViewController.m */ = {isa = PBXFileReference; lastKnownFileType = sourcecode.c.objc; path = ViewController.m; sourceTree = "<group>"; };
		DFAB6D221FDF34C300803D09 /* Base */ = {isa = PBXFileReference; lastKnownFileType = file.storyboard; name = Base; path = Base.lproj/Main.storyboard; sourceTree = "<group>"; };
		DFAB6D241FDF34C300803D09 /* Assets.xcassets */ = {isa = PBXFileReference; lastKnownFileType = folder.assetcatalog; path = Assets.xcassets; sourceTree = "<group>"; };
		DFAB6D271FDF34C300803D09 /* Base */ = {isa = PBXFileReference; lastKnownFileType = file.storyboard; name = Base; path = Base.lproj/LaunchScreen.storyboard; sourceTree = "<group>"; };
		DFAB6D291FDF34C300803D09 /* Info.plist */ = {isa = PBXFileReference; lastKnownFileType = text.plist.xml; path = Info.plist; sourceTree = "<group>"; };
		DFAB6D2A1FDF34C300803D09 /* main.m */ = {isa = PBXFileReference; lastKnownFileType = sourcecode.c.objc; path = main.m; sourceTree = "<group>"; };
		DFAB6D301FDF34C400803D09 /* wwwTests.xctest */ = {isa = PBXFileReference; explicitFileType = wrapper.cfbundle; includeInIndex = 0; path = wwwTests.xctest; sourceTree = BUILT_PRODUCTS_DIR; };
		DFAB6D341FDF34C400803D09 /* wwwTests.m */ = {isa = PBXFileReference; lastKnownFileType = sourcecode.c.objc; path = wwwTests.m; sourceTree = "<group>"; };
		DFAB6D361FDF34C400803D09 /* Info.plist */ = {isa = PBXFileReference; lastKnownFileType = text.plist.xml; path = Info.plist; sourceTree = "<group>"; };
		DFAB6D3B1FDF34C400803D09 /* wwwUITests.xctest */ = {isa = PBXFileReference; explicitFileType = wrapper.cfbundle; includeInIndex = 0; path = wwwUITests.xctest; sourceTree = BUILT_PRODUCTS_DIR; };
		DFAB6D3F1FDF34C400803D09 /* wwwUITests.m */ = {isa = PBXFileReference; lastKnownFileType = sourcecode.c.objc; path = wwwUITests.m; sourceTree = "<group>"; };
		DFAB6D411FDF34C400803D09 /* Info.plist */ = {isa = PBXFileReference; lastKnownFileType = text.plist.xml; path = Info.plist; sourceTree = "<group>"; };
/* End PBXFileReference section */

/* Begin PBXFrameworksBuildPhase section */
		DFAB6D151FDF34C300803D09 /* Frameworks */ = {
			isa = PBXFrameworksBuildPhase;
			buildActionMask = 2147483647;
			files = (
			);
			runOnlyForDeploymentPostprocessing = 0;
		};
		DFAB6D2D1FDF34C400803D09 /* Frameworks */ = {
			isa = PBXFrameworksBuildPhase;
			buildActionMask = 2147483647;
			files = (
			);
			runOnlyForDeploymentPostprocessing = 0;
		};
		DFAB6D381FDF34C400803D09 /* Frameworks */ = {
			isa = PBXFrameworksBuildPhase;
			buildActionMask = 2147483647;
			files = (
			);
			runOnlyForDeploymentPostprocessing = 0;
		};
/* End PBXFrameworksBuildPhase section */

/* Begin PBXGroup section */
		DFAB6D0F1FDF34C300803D09 = {
			isa = PBXGroup;
			children = (
				DFAB6D1A1FDF34C300803D09 /* www */,
				DFAB6D331FDF34C400803D09 /* wwwTests */,
				DFAB6D3E1FDF34C400803D09 /* wwwUITests */,
				DFAB6D191FDF34C300803D09 /* Products */,
			);
			sourceTree = "<group>";
		};
		DFAB6D191FDF34C300803D09 /* Products */ = {
			isa = PBXGroup;
			children = (
				DFAB6D181FDF34C300803D09 /* www.app */,
				DFAB6D301FDF34C400803D09 /* wwwTests.xctest */,
				DFAB6D3B1FDF34C400803D09 /* wwwUITests.xctest */,
			);
			name = Products;
			sourceTree = "<group>";
		};
		DFAB6D1A1FDF34C300803D09 /* www */ = {
			isa = PBXGroup;
			children = (
				DFAB6D1B1FDF34C300803D09 /* AppDelegate.h */,
				DFAB6D1C1FDF34C300803D09 /* AppDelegate.m */,
				DFAB6D1E1FDF34C300803D09 /* ViewController.h */,
				DFAB6D1F1FDF34C300803D09 /* ViewController.m */,
				DFAB6D211FDF34C300803D09 /* Main.storyboard */,
				DFAB6D241FDF34C300803D09 /* Assets.xcassets */,
				DFAB6D261FDF34C300803D09 /* LaunchScreen.storyboard */,
				DFAB6D291FDF34C300803D09 /* Info.plist */,
				DFAB6D2A1FDF34C300803D09 /* main.m */,
			);
			path = www;
			sourceTree = "<group>";
		};
		DFAB6D331FDF34C400803D09 /* wwwTests */ = {
			isa = PBXGroup;
			children = (
				DFAB6D341FDF34C400803D09 /* wwwTests.m */,
				DFAB6D361FDF34C400803D09 /* Info.plist */,
			);
			path = wwwTests;
			sourceTree = "<group>";
		};
		DFAB6D3E1FDF34C400803D09 /* wwwUITests */ = {
			isa = PBXGroup;
			children = (
				DFAB6D3F1FDF34C400803D09 /* wwwUITests.m */,
				DFAB6D411FDF34C400803D09 /* Info.plist */,
			);
			path = wwwUITests;
			sourceTree = "<group>";
		};
/* End PBXGroup section */

/* Begin PBXNativeTarget section */
		DFAB6D171FDF34C300803D09 /* www */ = {
			isa = PBXNativeTarget;
			buildConfigurationList = DFAB6D441FDF34C400803D09 /* Build configuration list for PBXNativeTarget "www" */;
			buildPhases = (
				DFAB6D141FDF34C300803D09 /* Sources */,
				DFAB6D151FDF34C300803D09 /* Frameworks */,
				DFAB6D161FDF34C300803D09 /* Resources */,
			);
			buildRules = (
			);
			dependencies = (
			);
			name = www;
			productName = www;
			productReference = DFAB6D181FDF34C300803D09 /* www.app */;
			productType = "com.apple.product-type.application";
		};
		DFAB6D2F1FDF34C400803D09 /* wwwTests */ = {
			isa = PBXNativeTarget;
			buildConfigurationList = DFAB6D471FDF34C400803D09 /* Build configuration list for PBXNativeTarget "wwwTests" */;
			buildPhases = (
				DFAB6D2C1FDF34C400803D09 /* Sources */,
				DFAB6D2D1FDF34C400803D09 /* Frameworks */,
				DFAB6D2E1FDF34C400803D09 /* Resources */,
			);
			buildRules = (
			);
			dependencies = (
				DFAB6D321FDF34C400803D09 /* PBXTargetDependency */,
			);
			name = wwwTests;
			productName = wwwTests;
			productReference = DFAB6D301FDF34C400803D09 /* wwwTests.xctest */;
			productType = "com.apple.product-type.bundle.unit-test";
		};
		DFAB6D3A1FDF34C400803D09 /* wwwUITests */ = {
			isa = PBXNativeTarget;
			buildConfigurationList = DFAB6D4A1FDF34C400803D09 /* Build configuration list for PBXNativeTarget "wwwUITests" */;
			buildPhases = (
				DFAB6D371FDF34C400803D09 /* Sources */,
				DFAB6D381FDF34C400803D09 /* Frameworks */,
				DFAB6D391FDF34C400803D09 /* Resources */,
			);
			buildRules = (
			);
			dependencies = (
				DFAB6D3D1FDF34C400803D09 /* PBXTargetDependency */,
			);
			name = wwwUITests;
			productName = wwwUITests;
			productReference = DFAB6D3B1FDF34C400803D09 /* wwwUITests.xctest */;
			productType = "com.apple.product-type.bundle.ui-testing";
		};
/* End PBXNativeTarget section */

/* Begin PBXProject section */
		DFAB6D101FDF34C300803D09 /* Project object */ = {
			isa = PBXProject;
			attributes = {
				LastUpgradeCheck = 0910;
				ORGANIZATIONNAME = "Wei Shi";
				TargetAttributes = {
					DFAB6D171FDF34C300803D09 = {
						CreatedOnToolsVersion = 9.1;
						ProvisioningStyle = Automatic;
					};
					DFAB6D2F1FDF34C400803D09 = {
						CreatedOnToolsVersion = 9.1;
						ProvisioningStyle = Automatic;
						TestTargetID = DFAB6D171FDF34C300803D09;
					};
					DFAB6D3A1FDF34C400803D09 = {
						CreatedOnToolsVersion = 9.1;
						ProvisioningStyle = Automatic;
						TestTargetID = DFAB6D171FDF34C300803D09;
					};
				};
			};
			buildConfigurationList = DFAB6D131FDF34C300803D09 /* Build configuration list for PBXProject "www" */;
			compatibilityVersion = "Xcode 8.0";
			developmentRegion = en;
			hasScannedForEncodings = 0;
			knownRegions = (
				en,
				Base,
			);
			mainGroup = DFAB6D0F1FDF34C300803D09;
			productRefGroup = DFAB6D191FDF34C300803D09 /* Products */;
			projectDirPath = "";
			projectRoot = "";
			targets = (
				DFAB6D171FDF34C300803D09 /* www */,
				DFAB6D2F1FDF34C400803D09 /* wwwTests */,
				DFAB6D3A1FDF34C400803D09 /* wwwUITests */,
			);
		};
/* End PBXProject section */

/* Begin PBXResourcesBuildPhase section */
		DFAB6D161FDF34C300803D09 /* Resources */ = {
			isa = PBXResourcesBuildPhase;
			buildActionMask = 2147483647;
			files = (
				DFAB6D281FDF34C300803D09 /* LaunchScreen.storyboard in Resources */,
				DFAB6D251FDF34C300803D09 /* Assets.xcassets in Resources */,
				DFAB6D231FDF34C300803D09 /* Main.storyboard in Resources */,
			);
			runOnlyForDeploymentPostprocessing = 0;
		};
		DFAB6D2E1FDF34C400803D09 /* Resources */ = {
			isa = PBXResourcesBuildPhase;
			buildActionMask = 2147483647;
			files = (
			);
			runOnlyForDeploymentPostprocessing = 0;
		};
		DFAB6D391FDF34C400803D09 /* Resources */ = {
			isa = PBXResourcesBuildPhase;
			buildActionMask = 2147483647;
			files = (
			);
			runOnlyForDeploymentPostprocessing = 0;
		};
/* End PBXResourcesBuildPhase section */

/* Begin PBXSourcesBuildPhase section */
		DFAB6D141FDF34C300803D09 /* Sources */ = {
			isa = PBXSourcesBuildPhase;
			buildActionMask = 2147483647;
			files = (
				DFAB6D201FDF34C300803D09 /* ViewController.m in Sources */,
				DFAB6D2B1FDF34C300803D09 /* main.m in Sources */,
				DFAB6D1D1FDF34C300803D09 /* AppDelegate.m in Sources */,
			);
			runOnlyForDeploymentPostprocessing = 0;
		};
		DFAB6D2C1FDF34C400803D09 /* Sources */ = {
			isa = PBXSourcesBuildPhase;
			buildActionMask = 2147483647;
			files = (
				DFAB6D351FDF34C400803D09 /* wwwTests.m in Sources */,
			);
			runOnlyForDeploymentPostprocessing = 0;
		};
		DFAB6D371FDF34C400803D09 /* Sources */ = {
			isa = PBXSourcesBuildPhase;
			buildActionMask = 2147483647;
			files = (
				DFAB6D401FDF34C400803D09 /* wwwUITests.m in Sources */,
			);
			runOnlyForDeploymentPostprocessing = 0;
		};
/* End PBXSourcesBuildPhase section */

/* Begin PBXTargetDependency section */
		DFAB6D321FDF34C400803D09 /* PBXTargetDependency */ = {
			isa = PBXTargetDependency;
			target = DFAB6D171FDF34C300803D09 /* www */;
			targetProxy = DFAB6D311FDF34C400803D09 /* PBXContainerItemProxy */;
		};
		DFAB6D3D1FDF34C400803D09 /* PBXTargetDependency */ = {
			isa = PBXTargetDependency;
			target = DFAB6D171FDF34C300803D09 /* www */;
			targetProxy = DFAB6D3C1FDF34C400803D09 /* PBXContainerItemProxy */;
		};
/* End PBXTargetDependency section */

/* Begin PBXVariantGroup section */
		DFAB6D211FDF34C300803D09 /* Main.storyboard */ = {
			isa = PBXVariantGroup;
			children = (
				DFAB6D221FDF34C300803D09 /* Base */,
			);
			name = Main.storyboard;
			sourceTree = "<group>";
		};
		DFAB6D261FDF34C300803D09 /* LaunchScreen.storyboard */ = {
			isa = PBXVariantGroup;
			children = (
				DFAB6D271FDF34C300803D09 /* Base */,
			);
			name = LaunchScreen.storyboard;
			sourceTree = "<group>";
		};
/* End PBXVariantGroup section */

/* Begin XCBuildConfiguration section */
		DFAB6D421FDF34C400803D09 /* Debug */ = {
			isa = XCBuildConfiguration;
			buildSettings = {
				ALWAYS_SEARCH_USER_PATHS = NO;
				CLANG_ANALYZER_NONNULL = YES;
				CLANG_ANALYZER_NUMBER_OBJECT_CONVERSION = YES_AGGRESSIVE;
				CLANG_CXX_LANGUAGE_STANDARD = "gnu++14";
				CLANG_CXX_LIBRARY = "libc++";
				CLANG_ENABLE_MODULES = YES;
				CLANG_ENABLE_OBJC_ARC = YES;
				CLANG_WARN_BLOCK_CAPTURE_AUTORELEASING = YES;
				CLANG_WARN_BOOL_CONVERSION = YES;
				CLANG_WARN_COMMA = YES;
				CLANG_WARN_CONSTANT_CONVERSION = YES;
				CLANG_WARN_DIRECT_OBJC_ISA_USAGE = YES_ERROR;
				CLANG_WARN_DOCUMENTATION_COMMENTS = YES;
				CLANG_WARN_EMPTY_BODY = YES;
				CLANG_WARN_ENUM_CONVERSION = YES;
				CLANG_WARN_INFINITE_RECURSION = YES;
				CLANG_WARN_INT_CONVERSION = YES;
				CLANG_WARN_NON_LITERAL_NULL_CONVERSION = YES;
				CLANG_WARN_OBJC_LITERAL_CONVERSION = YES;
				CLANG_WARN_OBJC_ROOT_CLASS = YES_ERROR;
				CLANG_WARN_RANGE_LOOP_ANALYSIS = YES;
				CLANG_WARN_STRICT_PROTOTYPES = YES;
				CLANG_WARN_SUSPICIOUS_MOVE = YES;
				CLANG_WARN_UNGUARDED_AVAILABILITY = YES_AGGRESSIVE;
				CLANG_WARN_UNREACHABLE_CODE = YES;
				CLANG_WARN__DUPLICATE_METHOD_MATCH = YES;
				CODE_SIGN_IDENTITY = "iPhone Developer";
				COPY_PHASE_STRIP = NO;
				DEBUG_INFORMATION_FORMAT = dwarf;
				ENABLE_STRICT_OBJC_MSGSEND = YES;
				ENABLE_TESTABILITY = YES;
				GCC_C_LANGUAGE_STANDARD = gnu11;
				GCC_DYNAMIC_NO_PIC = NO;
				GCC_NO_COMMON_BLOCKS = YES;
				GCC_OPTIMIZATION_LEVEL = 0;
				GCC_PREPROCESSOR_DEFINITIONS = (
					"DEBUG=1",
					"$(inherited)",
				);
				GCC_WARN_64_TO_32_BIT_CONVERSION = YES;
				GCC_WARN_ABOUT_RETURN_TYPE = YES_ERROR;
				GCC_WARN_UNDECLARED_SELECTOR = YES;
				GCC_WARN_UNINITIALIZED_AUTOS = YES_AGGRESSIVE;
				GCC_WARN_UNUSED_FUNCTION = YES;
				GCC_WARN_UNUSED_VARIABLE = YES;
				IPHONEOS_DEPLOYMENT_TARGET = 11.1;
				MTL_ENABLE_DEBUG_INFO = YES;
				ONLY_ACTIVE_ARCH = YES;
				SDKROOT = iphoneos;
			};
			name = Debug;
		};
		DFAB6D431FDF34C400803D09 /* Release */ = {
			isa = XCBuildConfiguration;
			buildSettings = {
				ALWAYS_SEARCH_USER_PATHS = NO;
				CLANG_ANALYZER_NONNULL = YES;
				CLANG_ANALYZER_NUMBER_OBJECT_CONVERSION = YES_AGGRESSIVE;
				CLANG_CXX_LANGUAGE_STANDARD = "gnu++14";
				CLANG_CXX_LIBRARY = "libc++";
				CLANG_ENABLE_MODULES = YES;
				CLANG_ENABLE_OBJC_ARC = YES;
				CLANG_WARN_BLOCK_CAPTURE_AUTORELEASING = YES;
				CLANG_WARN_BOOL_CONVERSION = YES;
				CLANG_WARN_COMMA = YES;
				CLANG_WARN_CONSTANT_CONVERSION = YES;
				CLANG_WARN_DIRECT_OBJC_ISA_USAGE = YES_ERROR;
				CLANG_WARN_DOCUMENTATION_COMMENTS = YES;
				CLANG_WARN_EMPTY_BODY = YES;
				CLANG_WARN_ENUM_CONVERSION = YES;
				CLANG_WARN_INFINITE_RECURSION = YES;
				CLANG_WARN_INT_CONVERSION = YES;
				CLANG_WARN_NON_LITERAL_NULL_CONVERSION = YES;
				CLANG_WARN_OBJC_LITERAL_CONVERSION = YES;
				CLANG_WARN_OBJC_ROOT_CLASS = YES_ERROR;
				CLANG_WARN_RANGE_LOOP_ANALYSIS = YES;
				CLANG_WARN_STRICT_PROTOTYPES = YES;
				CLANG_WARN_SUSPICIOUS_MOVE = YES;
				CLANG_WARN_UNGUARDED_AVAILABILITY = YES_AGGRESSIVE;
				CLANG_WARN_UNREACHABLE_CODE = YES;
				CLANG_WARN__DUPLICATE_METHOD_MATCH = YES;
				CODE_SIGN_IDENTITY = "iPhone Developer";
				COPY_PHASE_STRIP = NO;
				DEBUG_INFORMATION_FORMAT = "dwarf-with-dsym";
				ENABLE_NS_ASSERTIONS = NO;
				ENABLE_STRICT_OBJC_MSGSEND = YES;
				GCC_C_LANGUAGE_STANDARD = gnu11;
				GCC_NO_COMMON_BLOCKS = YES;
				GCC_WARN_64_TO_32_BIT_CONVERSION = YES;
				GCC_WARN_ABOUT_RETURN_TYPE = YES_ERROR;
				GCC_WARN_UNDECLARED_SELECTOR = YES;
				GCC_WARN_UNINITIALIZED_AUTOS = YES_AGGRESSIVE;
				GCC_WARN_UNUSED_FUNCTION = YES;
				GCC_WARN_UNUSED_VARIABLE = YES;
				IPHONEOS_DEPLOYMENT_TARGET = 11.1;
				MTL_ENABLE_DEBUG_INFO = NO;
				SDKROOT = iphoneos;
				VALIDATE_PRODUCT = YES;
			};
			name = Release;
		};
		DFAB6D451FDF34C400803D09 /* Debug */ = {
			isa = XCBuildConfiguration;
			buildSettings = {
				ASSETCATALOG_COMPILER_APPICON_NAME = AppIcon;
				CODE_SIGN_STYLE = Automatic;
				INFOPLIST_FILE = www/Info.plist;
				LD_RUNPATH_SEARCH_PATHS = "$(inherited) @executable_path/Frameworks";
				PRODUCT_BUNDLE_IDENTIFIER = asdasd.www;
				PRODUCT_NAME = "$(TARGET_NAME)";
				TARGETED_DEVICE_FAMILY = "1,2";
			};
			name = Debug;
		};
		DFAB6D461FDF34C400803D09 /* Release */ = {
			isa = XCBuildConfiguration;
			buildSettings = {
				ASSETCATALOG_COMPILER_APPICON_NAME = AppIcon;
				CODE_SIGN_STYLE = Automatic;
				INFOPLIST_FILE = www/Info.plist;
				LD_RUNPATH_SEARCH_PATHS = "$(inherited) @executable_path/Frameworks";
				PRODUCT_BUNDLE_IDENTIFIER = asdasd.www;
				PRODUCT_NAME = "$(TARGET_NAME)";
				TARGETED_DEVICE_FAMILY = "1,2";
			};
			name = Release;
		};
		DFAB6D481FDF34C400803D09 /* Debug */ = {
			isa = XCBuildConfiguration;
			buildSettings = {
				BUNDLE_LOADER = "$(TEST_HOST)";
				CODE_SIGN_STYLE = Automatic;
				INFOPLIST_FILE = wwwTests/Info.plist;
				LD_RUNPATH_SEARCH_PATHS = "$(inherited) @executable_path/Frameworks @loader_path/Frameworks";
				PRODUCT_BUNDLE_IDENTIFIER = asdasd.wwwTests;
				PRODUCT_NAME = "$(TARGET_NAME)";
				TARGETED_DEVICE_FAMILY = "1,2";
				TEST_HOST = "$(BUILT_PRODUCTS_DIR)/www.app/www";
			};
			name = Debug;
		};
		DFAB6D491FDF34C400803D09 /* Release */ = {
			isa = XCBuildConfiguration;
			buildSettings = {
				BUNDLE_LOADER = "$(TEST_HOST)";
				CODE_SIGN_STYLE = Automatic;
				INFOPLIST_FILE = wwwTests/Info.plist;
				LD_RUNPATH_SEARCH_PATHS = "$(inherited) @executable_path/Frameworks @loader_path/Frameworks";
				PRODUCT_BUNDLE_IDENTIFIER = asdasd.wwwTests;
				PRODUCT_NAME = "$(TARGET_NAME)";
				TARGETED_DEVICE_FAMILY = "1,2";
				TEST_HOST = "$(BUILT_PRODUCTS_DIR)/www.app/www";
			};
			name = Release;
		};
		DFAB6D4B1FDF34C400803D09 /* Debug */ = {
			isa = XCBuildConfiguration;
			buildSettings = {
				CODE_SIGN_STYLE = Automatic;
				INFOPLIST_FILE = wwwUITests/Info.plist;
				LD_RUNPATH_SEARCH_PATHS = "$(inherited) @executable_path/Frameworks @loader_path/Frameworks";
				PRODUCT_BUNDLE_IDENTIFIER = asdasd.wwwUITests;
				PRODUCT_NAME = "$(TARGET_NAME)";
				TARGETED_DEVICE_FAMILY = "1,2";
				TEST_TARGET_NAME = www;
			};
			name = Debug;
		};
		DFAB6D4C1FDF34C400803D09 /* Release */ = {
			isa = XCBuildConfiguration;
			buildSettings = {
				CODE_SIGN_STYLE = Automatic;
				INFOPLIST_FILE = wwwUITests/Info.plist;
				LD_RUNPATH_SEARCH_PATHS = "$(inherited) @executable_path/Frameworks @loader_path/Frameworks";
				PRODUCT_BUNDLE_IDENTIFIER = asdasd.wwwUITests;
				PRODUCT_NAME = "$(TARGET_NAME)";
				TARGETED_DEVICE_FAMILY = "1,2";
				TEST_TARGET_NAME = www;
			};
			name = Release;
		};
/* End XCBuildConfiguration section */

/* Begin XCConfigurationList section */
		DFAB6D131FDF34C300803D09 /* Build configuration list for PBXProject "www" */ = {
			isa = XCConfigurationList;
			buildConfigurations = (
				DFAB6D421FDF34C400803D09 /* Debug */,
				DFAB6D431FDF34C400803D09 /* Release */,
			);
			defaultConfigurationIsVisible = 0;
			defaultConfigurationName = Release;
		};
		DFAB6D441FDF34C400803D09 /* Build configuration list for PBXNativeTarget "www" */ = {
			isa = XCConfigurationList;
			buildConfigurations = (
				DFAB6D451FDF34C400803D09 /* Debug */,
				DFAB6D461FDF34C400803D09 /* Release */,
			);
			defaultConfigurationIsVisible = 0;
			defaultConfigurationName = Release;
		};
		DFAB6D471FDF34C400803D09 /* Build configuration list for PBXNativeTarget "wwwTests" */ = {
			isa = XCConfigurationList;
			buildConfigurations = (
				DFAB6D481FDF34C400803D09 /* Debug */,
				DFAB6D491FDF34C400803D09 /* Release */,
			);
			defaultConfigurationIsVisible = 0;
			defaultConfigurationName = Release;
		};
		DFAB6D4A1FDF34C400803D09 /* Build configuration list for PBXNativeTarget "wwwUITests" */ = {
			isa = XCConfigurationList;
			buildConfigurations = (
				DFAB6D4B1FDF34C400803D09 /* Debug */,
				DFAB6D4C1FDF34C400803D09 /* Release */,
			);
			defaultConfigurationIsVisible = 0;
			defaultConfigurationName = Release;
		};
/* End XCConfigurationList section */
	};
	rootObject = DFAB6D101FDF34C300803D09 /* Project object */;
}
